# @generated - this file is auto-generated by `mise lock` https://mise.jdx.dev/dev-tools/mise-lock.html

[[tools.actionlint]]
version = "1.7.10"
backend = "aqua:rhysd/actionlint"
"platforms.linux-arm64" = { checksum = "sha256:cd3dfe5f66887ec6b987752d8d9614e59fd22f39415c5ad9f28374623f41773a", url = "https://github.com/rhysd/actionlint/releases/download/v1.7.10/actionlint_1.7.10_linux_arm64.tar.gz"}
"platforms.linux-arm64-musl" = { checksum = "sha256:cd3dfe5f66887ec6b987752d8d9614e59fd22f39415c5ad9f28374623f41773a", url = "https://github.com/rhysd/actionlint/releases/download/v1.7.10/actionlint_1.7.10_linux_arm64.tar.gz"}
"platforms.linux-x64" = { checksum = "sha256:f4c76b71db5755a713e6055cbb0857ed07e103e028bda117817660ebadb4386f", url = "https://github.com/rhysd/actionlint/releases/download/v1.7.10/actionlint_1.7.10_linux_amd64.tar.gz"}
"platforms.linux-x64-musl" = { checksum = "sha256:f4c76b71db5755a713e6055cbb0857ed07e103e028bda117817660ebadb4386f", url = "https://github.com/rhysd/actionlint/releases/download/v1.7.10/actionlint_1.7.10_linux_amd64.tar.gz"}
"platforms.macos-arm64" = { checksum = "sha256:004ca87b367b37f4d75c55ab6cf80f9b8c043adbfbd440f31c604d417939c442", url = "https://github.com/rhysd/actionlint/releases/download/v1.7.10/actionlint_1.7.10_darwin_arm64.tar.gz"}
"platforms.macos-x64" = { checksum = "sha256:16782c41f2af264db80f855ee5d09164ca98fc78edf3bcd0f46eecff279682ba", url = "https://github.com/rhysd/actionlint/releases/download/v1.7.10/actionlint_1.7.10_darwin_amd64.tar.gz"}
"platforms.windows-x64" = { checksum = "sha256:283467f9d6202a8cb8c00ad8dd0ee4e685b71fb86a6a56c68fcbb9ae8ed91237", url = "https://github.com/rhysd/actionlint/releases/download/v1.7.10/actionlint_1.7.10_windows_amd64.zip"}

[[tools.bun]]
version = "1.3.8"
backend = "core:bun"
"platforms.linux-arm64" = { checksum = "sha256:4e9deb6814a7ec7f68725ddd97d0d7b4065bcda9a850f69d497567e995a7fa33", url = "https://github.com/oven-sh/bun/releases/download/bun-v1.3.8/bun-linux-aarch64.zip"}
"platforms.linux-arm64-musl" = { checksum = "sha256:76dddebfd8c011c8b774991eb8ba47da770e4ce06ddc2b045aa0d659ef5fbe44", url = "https://github.com/oven-sh/bun/releases/download/bun-v1.3.8/bun-linux-aarch64-musl.zip"}
"platforms.linux-x64" = { checksum = "sha256:0322b17f0722da76a64298aad498225aedcbf6df1008a1dee45e16ecb226a3f1", url = "https://github.com/oven-sh/bun/releases/download/bun-v1.3.8/bun-linux-x64.zip"}
"platforms.linux-x64-baseline" = { checksum = "sha256:bbe4632ac03d7495177d542ecefa8f21f9849273106525f6bb13172ec8e4ab2c", url = "https://github.com/oven-sh/bun/releases/download/bun-v1.3.8/bun-linux-x64-baseline.zip"}
"platforms.linux-x64-musl" = { checksum = "sha256:a810b5083a830596cff3715402371917a200940efdeed6189bcde191e79d4633", url = "https://github.com/oven-sh/bun/releases/download/bun-v1.3.8/bun-linux-x64-musl.zip"}
"platforms.linux-x64-musl-baseline" = { checksum = "sha256:f05311fc12304ff8eaca136fc934eede6728055ba3d00cdb7e7dac394853f159", url = "https://github.com/oven-sh/bun/releases/download/bun-v1.3.8/bun-linux-x64-musl-baseline.zip"}
"platforms.macos-arm64" = { checksum = "sha256:672a0a9a7b744d085a1d2219ca907e3e26f5579fca9e783a9510a4f98a36212f", url = "https://github.com/oven-sh/bun/releases/download/bun-v1.3.8/bun-darwin-aarch64.zip"}
"platforms.macos-x64" = { checksum = "sha256:4a0ecd703b37d66abaf51e5bc24fd1249e8dc392c17ee6235710cf51a0988b85", url = "https://github.com/oven-sh/bun/releases/download/bun-v1.3.8/bun-darwin-x64.zip"}
"platforms.macos-x64-baseline" = { checksum = "sha256:9812e5f6c7f818ef9c491e05a77481ab2e7a4a1580b378526e1611c102fe7ca3", url = "https://github.com/oven-sh/bun/releases/download/bun-v1.3.8/bun-darwin-x64-baseline.zip"}
"platforms.windows-x64" = { checksum = "sha256:4c0a82866424e23d1bdaa9517307ec2f143ed513c15546dba0b859c6c55c47c7", url = "https://github.com/oven-sh/bun/releases/download/bun-v1.3.8/bun-windows-x64.zip"}
"platforms.windows-x64-baseline" = { checksum = "sha256:74f4dad7b4873ee70f63add9918400334e31acab9ba3fce9ef9906d96646e231", url = "https://github.com/oven-sh/bun/releases/download/bun-v1.3.8/bun-windows-x64-baseline.zip"}

[[tools."go:github.com/google/addlicense"]]
version = "1.2.0"
backend = "go:github.com/google/addlicense"

[[tools.jujutsu]]
version = "0.38.0"
backend = "aqua:jj-vcs/jj"
"platforms.linux-arm64" = { checksum = "sha256:bae97959e06d92b79d96b09a90545e157ef0f300a0482d9b9a81128610e896aa", url = "https://github.com/jj-vcs/jj/releases/download/v0.38.0/jj-v0.38.0-aarch64-unknown-linux-musl.tar.gz"}
"platforms.linux-arm64-musl" = { checksum = "sha256:bae97959e06d92b79d96b09a90545e157ef0f300a0482d9b9a81128610e896aa", url = "https://github.com/jj-vcs/jj/releases/download/v0.38.0/jj-v0.38.0-aarch64-unknown-linux-musl.tar.gz"}
"platforms.linux-x64" = { checksum = "sha256:ed830d9a34a304f8ba258806b52521250a9fffded32ae89c4eb5285b33556a17", url = "https://github.com/jj-vcs/jj/releases/download/v0.38.0/jj-v0.38.0-x86_64-unknown-linux-musl.tar.gz"}
"platforms.linux-x64-musl" = { checksum = "sha256:ed830d9a34a304f8ba258806b52521250a9fffded32ae89c4eb5285b33556a17", url = "https://github.com/jj-vcs/jj/releases/download/v0.38.0/jj-v0.38.0-x86_64-unknown-linux-musl.tar.gz"}
"platforms.macos-arm64" = { checksum = "sha256:a1e6d3d3818ab26652631964db4344288a6fe0dc4c077bdb366ff184aa1d8f27", url = "https://github.com/jj-vcs/jj/releases/download/v0.38.0/jj-v0.38.0-aarch64-apple-darwin.tar.gz"}
"platforms.macos-x64" = { checksum = "sha256:09b81d1c35522b41f126dd509515203a2def329ef46207e95460c1896e18d181", url = "https://github.com/jj-vcs/jj/releases/download/v0.38.0/jj-v0.38.0-x86_64-apple-darwin.tar.gz"}
"platforms.windows-x64" = { checksum = "sha256:13032f82286a0b224f9ce6f1e466a2323bee3af2efba423e35b4146975445e14", url = "https://github.com/jj-vcs/jj/releases/download/v0.38.0/jj-v0.38.0-x86_64-pc-windows-msvc.zip"}

[[tools.node]]
version = "24.11.1"
backend = "core:node"
"platforms.linux-arm64" = { checksum = "sha256:0dc93ec5c798b0d347f068db6d205d03dea9a71765e6a53922b682b91265d71f", url = "https://nodejs.org/dist/v24.11.1/node-v24.11.1-linux-arm64.tar.gz"}
"platforms.linux-arm64-musl" = { checksum = "sha256:0dc93ec5c798b0d347f068db6d205d03dea9a71765e6a53922b682b91265d71f", url = "https://nodejs.org/dist/v24.11.1/node-v24.11.1-linux-arm64.tar.gz"}
"platforms.linux-x64" = { checksum = "sha256:58a5ff5cc8f2200e458bea22e329d5c1994aa1b111d499ca46ec2411d58239ca", url = "https://nodejs.org/dist/v24.11.1/node-v24.11.1-linux-x64.tar.gz"}
"platforms.linux-x64-musl" = { checksum = "sha256:58a5ff5cc8f2200e458bea22e329d5c1994aa1b111d499ca46ec2411d58239ca", url = "https://nodejs.org/dist/v24.11.1/node-v24.11.1-linux-x64.tar.gz"}
"platforms.macos-arm64" = { checksum = "sha256:b05aa3a66efe680023f930bd5af3fdbbd542794da5644ca2ad711d68cbd4dc35", url = "https://nodejs.org/dist/v24.11.1/node-v24.11.1-darwin-arm64.tar.gz"}
"platforms.macos-x64" = { checksum = "sha256:096081b6d6fcdd3f5ba0f5f1d44a47e83037ad2e78eada26671c252fe64dd111", url = "https://nodejs.org/dist/v24.11.1/node-v24.11.1-darwin-x64.tar.gz"}
"platforms.windows-x64" = { checksum = "sha256:5355ae6d7c49eddcfde7d34ac3486820600a831bf81dc3bdca5c8db6a9bb0e76", url = "https://nodejs.org/dist/v24.11.1/node-v24.11.1-win-x64.zip"}

[[tools.ripgrep]]
version = "15.1.0"
backend = "aqua:BurntSushi/ripgrep"

[[tools.shellcheck]]
version = "0.11.0"
backend = "aqua:koalaman/shellcheck"
